
Microsoft Visual Studio Solution File, Format Version 12.00
# Visual Studio Version 16
VisualStudioVersion = 16.0.31410.357
MinimumVisualStudioVersion = 10.0.40219.1
Project("{9A19103F-16F7-4668-BE54-9A1E7A4F7556}") = "Core", "Core\Core.csproj", "{F3AAB1F6-9C12-4D64-87D9-FF129F77689D}"
EndProject
Project("{9A19103F-16F7-4668-BE54-9A1E7A4F7556}") = "Services", "Services\Services.csproj", "{F79637BA-187E-477E-8CEF-3D9711AE18C2}"
EndProject
Project("{9A19103F-16F7-4668-BE54-9A1E7A4F7556}") = "DataAccess.EFCore", "DataAccess.EFCore\DataAccess.EFCore.csproj", "{DF4AC806-66B1-4074-B628-474A9D0E5ED3}"
EndProject
Global
	GlobalSection(SolutionConfigurationPlatforms) = preSolution
		Debug|Any CPU = Debug|Any CPU
		Release|Any CPU = Release|Any CPU
	EndGlobalSection
	GlobalSection(ProjectConfigurationPlatforms) = postSolution
		{F3AAB1F6-9C12-4D64-87D9-FF129F77689D}.Debug|Any CPU.ActiveCfg = Debug|Any CPU
		{F3AAB1F6-9C12-4D64-87D9-FF129F77689D}.Debug|Any CPU.Build.0 = Debug|Any CPU
		{F3AAB1F6-9C12-4D64-87D9-FF129F77689D}.Release|Any CPU.ActiveCfg = Release|Any CPU
		{F3AAB1F6-9C12-4D64-87D9-FF129F77689D}.Release|Any CPU.Build.0 = Release|Any CPU
		{F79637BA-187E-477E-8CEF-3D9711AE18C2}.Debug|Any CPU.ActiveCfg = Debug|Any CPU
		{F79637BA-187E-477E-8CEF-3D9711AE18C2}.Debug|Any CPU.Build.0 = Debug|Any CPU
		{F79637BA-187E-477E-8CEF-3D9711AE18C2}.Release|Any CPU.ActiveCfg = Release|Any CPU
		{F79637BA-187E-477E-8CEF-3D9711AE18C2}.Release|Any CPU.Build.0 = Release|Any CPU
		{DF4AC806-66B1-4074-B628-474A9D0E5ED3}.Debug|Any CPU.ActiveCfg = Debug|Any CPU
		{DF4AC806-66B1-4074-B628-474A9D0E5ED3}.Debug|Any CPU.Build.0 = Debug|Any CPU
		{DF4AC806-66B1-4074-B628-474A9D0E5ED3}.Release|Any CPU.ActiveCfg = Release|Any CPU
		{DF4AC806-66B1-4074-B628-474A9D0E5ED3}.Release|Any CPU.Build.0 = Release|Any CPU
	EndGlobalSection
	GlobalSection(SolutionProperties) = preSolution
		HideSolutionNode = FALSE
	EndGlobalSection
	GlobalSection(ExtensibilityGlobals) = postSolution
		SolutionGuid = {9CFE8FCB-C16C-4DA3-9A1D-6C2EEDF92517}
	EndGlobalSection
EndGlobal
